# This file is automatically @generated by Poetry 1.7.1 and should not be changed by hand.

[[package]]
name = "ccaerrors"
version = "0.1.2"
description = "universal error handling for python functions."
optional = false
python-versions = ">=3.10,<4.0"
files = [
    {file = "ccaerrors-0.1.2-py3-none-any.whl", hash = "sha256:cb5bdec65f073c2e2d2db33aaff9a6d7f8ac178875f0df1ca96177c9927f228e"},
    {file = "ccaerrors-0.1.2.tar.gz", hash = "sha256:7e742ec09335dbb313116cc25c1f9f361e17262d9e079be4ec2757d76fb6b580"},
]

[[package]]
name = "ccalogging"
version = "0.4.4"
description = "python module for easy logging"
optional = false
python-versions = ">=3"
files = [
    {file = "ccalogging-0.4.4-py3-none-any.whl", hash = "sha256:2072d038d50f222808d9aa2d21b8b9782adf6dbc031c1ea5bd03a51e25e67e16"},
    {file = "ccalogging-0.4.4.tar.gz", hash = "sha256:f5b207583fc9b0436691d6f6ce675f0c0101ff621b460ba027b7a9d38e7635b2"},
]

[metadata]
lock-version = "2.0"
python-versions = "^3.10"
content-hash = "f1b1ecca8018776e927eec1e707ae1f307de135cc271fa59298a4cd314359037"
