version = 1
revision = 3
requires-python = ">=3.10, <4"

[[package]]
name = "ccalogging"
version = "0.4.4"
source = { registry = "https://pypi.org/simple" }
sdist = { url = "https://files.pythonhosted.org/packages/a6/75/d4b589a3a256f2ed4a25c4416e905c63f8c24aa6b82983a427dc7587560e/ccalogging-0.4.4.tar.gz", hash = "sha256:f5b207583fc9b0436691d6f6ce675f0c0101ff621b460ba027b7a9d38e7635b2", size = 15710, upload-time = "2022-10-15T13:00:24.099Z" }
wheels = [
    { url = "https://files.pythonhosted.org/packages/a3/5a/6311728a12741039fc66cdf20ec654d1dbe712ec885da7b05e773a50bcc4/ccalogging-0.4.4-py3-none-any.whl", hash = "sha256:2072d038d50f222808d9aa2d21b8b9782adf6dbc031c1ea5bd03a51e25e67e16", size = 16194, upload-time = "2022-10-15T13:00:22.54Z" },
]

[[package]]
name = "renamer"
version = "0.2.0"
source = { editable = "." }
dependencies = [
    { name = "ccalogging" },
]

[package.metadata]
requires-dist = [{ name = "ccalogging", specifier = ">=0.4.4,<0.5" }]
